{
  "lockfileVersion": 1,
  "dependencies": {
    "angular-cookies": {
      "version": "1.6.4",
      "resolved": "https://registry.npmjs.org/angular-cookies/-/angular-cookies-1.6.4.tgz",
      "integrity": "sha1-wo8/aqx6mCbB5F8daAckADblsm0="
    },
    "angular-local-storage": {
      "version": "0.6.0",
      "resolved": "https://registry.npmjs.org/angular-local-storage/-/angular-local-storage-0.6.0.tgz",
      "integrity": "sha1-TbqXcv73UgcN5ak+ICvohrKZxoY="
    }
  }
}
